
Microsoft Visual Studio Solution File, Format Version 12.00
# Visual Studio Version 17
VisualStudioVersion = 17.0.31903.59
MinimumVisualStudioVersion = 10.0.40219.1
Project("{2150E333-8FDC-42A3-9474-1A3956D46DE8}") = "4任务使用", "4任务使用", "{8A2488D3-8618-4E71-8F96-1D7F3D225B48}"
EndProject
Project("{2150E333-8FDC-42A3-9474-1A3956D46DE8}") = "4.2创建任务", "4.2创建任务", "{1890C310-7CF5-4FB4-A58F-2D9C246171DF}"
EndProject
Project("{2150E333-8FDC-42A3-9474-1A3956D46DE8}") = "4.3任务操作", "4.3任务操作", "{3A846197-CA3E-414B-8218-D7352F63B6AB}"
EndProject
Project("{9A19103F-16F7-4668-BE54-9A1E7A4F7556}") = "TaskUse", "TaskUse\TaskUse.csproj", "{9A8ACBFA-73F6-4B83-A97A-3A9800612ECD}"
EndProject
Project("{9A19103F-16F7-4668-BE54-9A1E7A4F7556}") = "CreateTask", "CreateTask\CreateTask.csproj", "{BEFEC408-7A20-4932-9AE6-46A1221CE284}"
EndProject
Project("{2150E333-8FDC-42A3-9474-1A3956D46DE8}") = "4.4组合任务", "4.4组合任务", "{6F63161C-0E1E-42D0-B9DE-6A3AD73A43F3}"
	ProjectSection(SolutionItems) = preProject
		TaskUse\工作原理.txt = TaskUse\工作原理.txt
	EndProjectSection
EndProject
Project("{9A19103F-16F7-4668-BE54-9A1E7A4F7556}") = "TaskCombo", "TaskCombo\TaskCombo.csproj", "{02EB2767-F716-4A58-9C00-F74F7ED2B7C8}"
EndProject
Project("{2150E333-8FDC-42A3-9474-1A3956D46DE8}") = "4.5APM转任务", "4.5APM转任务", "{9976202E-65D7-4F36-8D75-656EAD9A2B01}"
	ProjectSection(SolutionItems) = preProject
		工作原理.txt = 工作原理.txt
	EndProjectSection
EndProject
Project("{FAE04EC0-301F-11D3-BF4B-00C04F79EFBC}") = "APMchangeTASK", "APMchangeTASK\APMchangeTASK.csproj", "{45DD3EF4-D0B3-44E0-95C3-67E8B39EE6A1}"
EndProject
Project("{2150E333-8FDC-42A3-9474-1A3956D46DE8}") = "4.6EAP转任务", "4.6EAP转任务", "{76A6EE2F-8E7E-4A52-AE5B-46E5A5CB0632}"
	ProjectSection(SolutionItems) = preProject
		EAPchangeTask\工作原理.txt = EAPchangeTask\工作原理.txt
	EndProjectSection
EndProject
Project("{FAE04EC0-301F-11D3-BF4B-00C04F79EFBC}") = "EAPchangeTask", "EAPchangeTask\EAPchangeTask.csproj", "{0BDAE14C-6B77-4B65-81A1-030E455F6CD9}"
EndProject
Project("{2150E333-8FDC-42A3-9474-1A3956D46DE8}") = "4.7实现取消选项", "4.7实现取消选项", "{707F3B32-BC41-4E59-A1F3-1D8E059A3239}"
	ProjectSection(SolutionItems) = preProject
		EAPchangeTask\工作原理.txt = EAPchangeTask\工作原理.txt
	EndProjectSection
EndProject
Project("{FAE04EC0-301F-11D3-BF4B-00C04F79EFBC}") = "TaskCancel", "TaskCancel\TaskCancel.csproj", "{700B6D0C-C0C8-4689-B6AA-516D1DB95DC3}"
EndProject
Project("{2150E333-8FDC-42A3-9474-1A3956D46DE8}") = "4.8处理任务中的异常", "4.8处理任务中的异常", "{E506E3C1-D7A1-4C84-9A51-7DA02B0ADCAF}"
	ProjectSection(SolutionItems) = preProject
		EAPchangeTask\工作原理.txt = EAPchangeTask\工作原理.txt
	EndProjectSection
EndProject
Project("{FAE04EC0-301F-11D3-BF4B-00C04F79EFBC}") = "DealException", "DealException\DealException.csproj", "{E3BF6016-BEA8-4D17-ABD5-AB8ADD6C7FC7}"
EndProject
Project("{2150E333-8FDC-42A3-9474-1A3956D46DE8}") = "4.9并行运行任务", "4.9并行运行任务", "{ABD87CD8-4087-4FF1-8BBD-394A1CCA33CF}"
	ProjectSection(SolutionItems) = preProject
		EAPchangeTask\工作原理.txt = EAPchangeTask\工作原理.txt
	EndProjectSection
EndProject
Project("{FAE04EC0-301F-11D3-BF4B-00C04F79EFBC}") = "ParallelRun", "ParallelRun\ParallelRun.csproj", "{BD491700-9D1C-4E07-92B3-D39F55C7218F}"
EndProject
Project("{2150E333-8FDC-42A3-9474-1A3956D46DE8}") = "410使用TaskScheduler配置任务执行", "410使用TaskScheduler配置任务执行", "{CD5F7929-F4C4-4939-8F0E-F39448C3642B}"
	ProjectSection(SolutionItems) = preProject
		EAPchangeTask\工作原理.txt = EAPchangeTask\工作原理.txt
	EndProjectSection
EndProject
Project("{FAE04EC0-301F-11D3-BF4B-00C04F79EFBC}") = "ConfigureTask", "ConfigureTask\ConfigureTask.csproj", "{D1A5D6E5-95A0-4BDE-823E-0E37CF3DE65D}"
EndProject
Global
	GlobalSection(SolutionConfigurationPlatforms) = preSolution
		Debug|Any CPU = Debug|Any CPU
		Release|Any CPU = Release|Any CPU
	EndGlobalSection
	GlobalSection(ProjectConfigurationPlatforms) = postSolution
		{9A8ACBFA-73F6-4B83-A97A-3A9800612ECD}.Debug|Any CPU.ActiveCfg = Debug|Any CPU
		{9A8ACBFA-73F6-4B83-A97A-3A9800612ECD}.Debug|Any CPU.Build.0 = Debug|Any CPU
		{9A8ACBFA-73F6-4B83-A97A-3A9800612ECD}.Release|Any CPU.ActiveCfg = Release|Any CPU
		{9A8ACBFA-73F6-4B83-A97A-3A9800612ECD}.Release|Any CPU.Build.0 = Release|Any CPU
		{BEFEC408-7A20-4932-9AE6-46A1221CE284}.Debug|Any CPU.ActiveCfg = Debug|Any CPU
		{BEFEC408-7A20-4932-9AE6-46A1221CE284}.Debug|Any CPU.Build.0 = Debug|Any CPU
		{BEFEC408-7A20-4932-9AE6-46A1221CE284}.Release|Any CPU.ActiveCfg = Release|Any CPU
		{BEFEC408-7A20-4932-9AE6-46A1221CE284}.Release|Any CPU.Build.0 = Release|Any CPU
		{02EB2767-F716-4A58-9C00-F74F7ED2B7C8}.Debug|Any CPU.ActiveCfg = Debug|Any CPU
		{02EB2767-F716-4A58-9C00-F74F7ED2B7C8}.Debug|Any CPU.Build.0 = Debug|Any CPU
		{02EB2767-F716-4A58-9C00-F74F7ED2B7C8}.Release|Any CPU.ActiveCfg = Release|Any CPU
		{02EB2767-F716-4A58-9C00-F74F7ED2B7C8}.Release|Any CPU.Build.0 = Release|Any CPU
		{45DD3EF4-D0B3-44E0-95C3-67E8B39EE6A1}.Debug|Any CPU.ActiveCfg = Debug|Any CPU
		{45DD3EF4-D0B3-44E0-95C3-67E8B39EE6A1}.Debug|Any CPU.Build.0 = Debug|Any CPU
		{45DD3EF4-D0B3-44E0-95C3-67E8B39EE6A1}.Release|Any CPU.ActiveCfg = Release|Any CPU
		{45DD3EF4-D0B3-44E0-95C3-67E8B39EE6A1}.Release|Any CPU.Build.0 = Release|Any CPU
		{0BDAE14C-6B77-4B65-81A1-030E455F6CD9}.Debug|Any CPU.ActiveCfg = Debug|Any CPU
		{0BDAE14C-6B77-4B65-81A1-030E455F6CD9}.Debug|Any CPU.Build.0 = Debug|Any CPU
		{0BDAE14C-6B77-4B65-81A1-030E455F6CD9}.Release|Any CPU.ActiveCfg = Release|Any CPU
		{0BDAE14C-6B77-4B65-81A1-030E455F6CD9}.Release|Any CPU.Build.0 = Release|Any CPU
		{700B6D0C-C0C8-4689-B6AA-516D1DB95DC3}.Debug|Any CPU.ActiveCfg = Debug|Any CPU
		{700B6D0C-C0C8-4689-B6AA-516D1DB95DC3}.Debug|Any CPU.Build.0 = Debug|Any CPU
		{700B6D0C-C0C8-4689-B6AA-516D1DB95DC3}.Release|Any CPU.ActiveCfg = Release|Any CPU
		{700B6D0C-C0C8-4689-B6AA-516D1DB95DC3}.Release|Any CPU.Build.0 = Release|Any CPU
		{E3BF6016-BEA8-4D17-ABD5-AB8ADD6C7FC7}.Debug|Any CPU.ActiveCfg = Debug|Any CPU
		{E3BF6016-BEA8-4D17-ABD5-AB8ADD6C7FC7}.Debug|Any CPU.Build.0 = Debug|Any CPU
		{E3BF6016-BEA8-4D17-ABD5-AB8ADD6C7FC7}.Release|Any CPU.ActiveCfg = Release|Any CPU
		{E3BF6016-BEA8-4D17-ABD5-AB8ADD6C7FC7}.Release|Any CPU.Build.0 = Release|Any CPU
		{BD491700-9D1C-4E07-92B3-D39F55C7218F}.Debug|Any CPU.ActiveCfg = Debug|Any CPU
		{BD491700-9D1C-4E07-92B3-D39F55C7218F}.Debug|Any CPU.Build.0 = Debug|Any CPU
		{BD491700-9D1C-4E07-92B3-D39F55C7218F}.Release|Any CPU.ActiveCfg = Release|Any CPU
		{BD491700-9D1C-4E07-92B3-D39F55C7218F}.Release|Any CPU.Build.0 = Release|Any CPU
		{D1A5D6E5-95A0-4BDE-823E-0E37CF3DE65D}.Debug|Any CPU.ActiveCfg = Debug|Any CPU
		{D1A5D6E5-95A0-4BDE-823E-0E37CF3DE65D}.Debug|Any CPU.Build.0 = Debug|Any CPU
		{D1A5D6E5-95A0-4BDE-823E-0E37CF3DE65D}.Release|Any CPU.ActiveCfg = Release|Any CPU
		{D1A5D6E5-95A0-4BDE-823E-0E37CF3DE65D}.Release|Any CPU.Build.0 = Release|Any CPU
	EndGlobalSection
	GlobalSection(SolutionProperties) = preSolution
		HideSolutionNode = FALSE
	EndGlobalSection
	GlobalSection(NestedProjects) = preSolution
		{1890C310-7CF5-4FB4-A58F-2D9C246171DF} = {8A2488D3-8618-4E71-8F96-1D7F3D225B48}
		{3A846197-CA3E-414B-8218-D7352F63B6AB} = {8A2488D3-8618-4E71-8F96-1D7F3D225B48}
		{9A8ACBFA-73F6-4B83-A97A-3A9800612ECD} = {3A846197-CA3E-414B-8218-D7352F63B6AB}
		{BEFEC408-7A20-4932-9AE6-46A1221CE284} = {1890C310-7CF5-4FB4-A58F-2D9C246171DF}
		{6F63161C-0E1E-42D0-B9DE-6A3AD73A43F3} = {8A2488D3-8618-4E71-8F96-1D7F3D225B48}
		{02EB2767-F716-4A58-9C00-F74F7ED2B7C8} = {6F63161C-0E1E-42D0-B9DE-6A3AD73A43F3}
		{9976202E-65D7-4F36-8D75-656EAD9A2B01} = {8A2488D3-8618-4E71-8F96-1D7F3D225B48}
		{45DD3EF4-D0B3-44E0-95C3-67E8B39EE6A1} = {9976202E-65D7-4F36-8D75-656EAD9A2B01}
		{76A6EE2F-8E7E-4A52-AE5B-46E5A5CB0632} = {8A2488D3-8618-4E71-8F96-1D7F3D225B48}
		{0BDAE14C-6B77-4B65-81A1-030E455F6CD9} = {76A6EE2F-8E7E-4A52-AE5B-46E5A5CB0632}
		{707F3B32-BC41-4E59-A1F3-1D8E059A3239} = {8A2488D3-8618-4E71-8F96-1D7F3D225B48}
		{700B6D0C-C0C8-4689-B6AA-516D1DB95DC3} = {707F3B32-BC41-4E59-A1F3-1D8E059A3239}
		{E506E3C1-D7A1-4C84-9A51-7DA02B0ADCAF} = {8A2488D3-8618-4E71-8F96-1D7F3D225B48}
		{E3BF6016-BEA8-4D17-ABD5-AB8ADD6C7FC7} = {E506E3C1-D7A1-4C84-9A51-7DA02B0ADCAF}
		{ABD87CD8-4087-4FF1-8BBD-394A1CCA33CF} = {8A2488D3-8618-4E71-8F96-1D7F3D225B48}
		{BD491700-9D1C-4E07-92B3-D39F55C7218F} = {ABD87CD8-4087-4FF1-8BBD-394A1CCA33CF}
		{CD5F7929-F4C4-4939-8F0E-F39448C3642B} = {8A2488D3-8618-4E71-8F96-1D7F3D225B48}
		{D1A5D6E5-95A0-4BDE-823E-0E37CF3DE65D} = {CD5F7929-F4C4-4939-8F0E-F39448C3642B}
	EndGlobalSection
	GlobalSection(ExtensibilityGlobals) = postSolution
		SolutionGuid = {5D0A3ECD-1153-4A0B-B960-1D0D65E36FD9}
	EndGlobalSection
EndGlobal
