
Microsoft Visual Studio Solution File, Format Version 12.00
# Visual Studio Version 17
VisualStudioVersion = 17.0.31903.59
MinimumVisualStudioVersion = 10.0.40219.1
Project("{2150E333-8FDC-42A3-9474-1A3956D46DE8}") = "4任务使用", "4任务使用", "{8A2488D3-8618-4E71-8F96-1D7F3D225B48}"
EndProject
Project("{2150E333-8FDC-42A3-9474-1A3956D46DE8}") = "4.2创建任务", "4.2创建任务", "{1890C310-7CF5-4FB4-A58F-2D9C246171DF}"
EndProject
Project("{2150E333-8FDC-42A3-9474-1A3956D46DE8}") = "4.3任务操作", "4.3任务操作", "{3A846197-CA3E-414B-8218-D7352F63B6AB}"
EndProject
Project("{9A19103F-16F7-4668-BE54-9A1E7A4F7556}") = "TaskUse", "TaskUse\TaskUse.csproj", "{9A8ACBFA-73F6-4B83-A97A-3A9800612ECD}"
EndProject
Project("{9A19103F-16F7-4668-BE54-9A1E7A4F7556}") = "CreateTask", "CreateTask\CreateTask.csproj", "{BEFEC408-7A20-4932-9AE6-46A1221CE284}"
EndProject
Project("{2150E333-8FDC-42A3-9474-1A3956D46DE8}") = "4.4组合任务", "4.4组合任务", "{6F63161C-0E1E-42D0-B9DE-6A3AD73A43F3}"
	ProjectSection(SolutionItems) = preProject
		TaskUse\工作原理.txt = TaskUse\工作原理.txt
	EndProjectSection
EndProject
Project("{9A19103F-16F7-4668-BE54-9A1E7A4F7556}") = "TaskCombo", "TaskCombo\TaskCombo.csproj", "{02EB2767-F716-4A58-9C00-F74F7ED2B7C8}"
EndProject
Project("{2150E333-8FDC-42A3-9474-1A3956D46DE8}") = "4.5APM转任务", "4.5APM转任务", "{9976202E-65D7-4F36-8D75-656EAD9A2B01}"
	ProjectSection(SolutionItems) = preProject
		工作原理.txt = 工作原理.txt
	EndProjectSection
EndProject
Project("{FAE04EC0-301F-11D3-BF4B-00C04F79EFBC}") = "APMchangeTASK", "APMchangeTASK\APMchangeTASK.csproj", "{45DD3EF4-D0B3-44E0-95C3-67E8B39EE6A1}"
EndProject
Project("{2150E333-8FDC-42A3-9474-1A3956D46DE8}") = "4.6EAP转任务", "4.6EAP转任务", "{76A6EE2F-8E7E-4A52-AE5B-46E5A5CB0632}"
	ProjectSection(SolutionItems) = preProject
		EAPchangeTask\工作原理.txt = EAPchangeTask\工作原理.txt
	EndProjectSection
EndProject
Project("{FAE04EC0-301F-11D3-BF4B-00C04F79EFBC}") = "EAPchangeTask", "EAPchangeTask\EAPchangeTask.csproj", "{0BDAE14C-6B77-4B65-81A1-030E455F6CD9}"
EndProject
Project("{2150E333-8FDC-42A3-9474-1A3956D46DE8}") = "4.7实现取消选项", "4.7实现取消选项", "{707F3B32-BC41-4E59-A1F3-1D8E059A3239}"
	ProjectSection(SolutionItems) = preProject
		EAPchangeTask\工作原理.txt = EAPchangeTask\工作原理.txt
	EndProjectSection
EndProject
Project("{9A19103F-16F7-4668-BE54-9A1E7A4F7556}") = "TaskCancel", "TaskCancel\TaskCancel.csproj", "{700B6D0C-C0C8-4689-B6AA-516D1DB95DC3}"
EndProject
Project("{2150E333-8FDC-42A3-9474-1A3956D46DE8}") = "4.8处理任务中的异常", "4.8处理任务中的异常", "{E506E3C1-D7A1-4C84-9A51-7DA02B0ADCAF}"
	ProjectSection(SolutionItems) = preProject
		EAPchangeTask\工作原理.txt = EAPchangeTask\工作原理.txt
	EndProjectSection
EndProject
Project("{9A19103F-16F7-4668-BE54-9A1E7A4F7556}") = "DealException", "DealException\DealException.csproj", "{E3BF6016-BEA8-4D17-ABD5-AB8ADD6C7FC7}"
EndProject
Project("{2150E333-8FDC-42A3-9474-1A3956D46DE8}") = "4.9并行运行任务", "4.9并行运行任务", "{ABD87CD8-4087-4FF1-8BBD-394A1CCA33CF}"
	ProjectSection(SolutionItems) = preProject
		EAPchangeTask\工作原理.txt = EAPchangeTask\工作原理.txt
	EndProjectSection
EndProject
Project("{9A19103F-16F7-4668-BE54-9A1E7A4F7556}") = "ParallelRun", "ParallelRun\ParallelRun.csproj", "{BD491700-9D1C-4E07-92B3-D39F55C7218F}"
EndProject
Project("{2150E333-8FDC-42A3-9474-1A3956D46DE8}") = "410使用TaskScheduler配置任务执行", "410使用TaskScheduler配置任务执行", "{CD5F7929-F4C4-4939-8F0E-F39448C3642B}"
	ProjectSection(SolutionItems) = preProject
		EAPchangeTask\工作原理.txt = EAPchangeTask\工作原理.txt
	EndProjectSection
EndProject
Project("{9A19103F-16F7-4668-BE54-9A1E7A4F7556}") = "ConfigureTask", "ConfigureTask\ConfigureTask.csproj", "{D1A5D6E5-95A0-4BDE-823E-0E37CF3DE65D}"
EndProject
Project("{2150E333-8FDC-42A3-9474-1A3956D46DE8}") = "5使用c#5.0", "5使用c#5.0", "{6629F44F-EF87-4800-80DD-DADCF3294520}"
EndProject
Project("{2150E333-8FDC-42A3-9474-1A3956D46DE8}") = "5.2使用await操作符", "5.2使用await操作符", "{908CC9CB-DF14-4879-8EBB-A0A6C92EE5F2}"
EndProject
Project("{9A19103F-16F7-4668-BE54-9A1E7A4F7556}") = "UseAwait", "ConsoleApp1\UseAwait.csproj", "{98D1596E-B3C0-45FE-A093-D69806C9A748}"
EndProject
Project("{2150E333-8FDC-42A3-9474-1A3956D46DE8}") = "5.3lambda中使用await", "5.3lambda中使用await", "{DB7D7B6D-FBED-4DAC-AF7E-9D2C3FECAE15}"
EndProject
Project("{9A19103F-16F7-4668-BE54-9A1E7A4F7556}") = "LambdaAait", "LambdaAait\LambdaAait.csproj", "{4EA29DF8-6A51-4108-AC42-EE41D613CEF5}"
EndProject
Project("{2150E333-8FDC-42A3-9474-1A3956D46DE8}") = "6使用并发集合", "6使用并发集合", "{E8CC67F4-B994-4B5B-A368-DF198DE731DF}"
EndProject
Project("{2150E333-8FDC-42A3-9474-1A3956D46DE8}") = "6.3ConcurrentQueue异步处理", "6.3ConcurrentQueue异步处理", "{BF557815-523F-437F-968C-B1DF1E6D16A9}"
EndProject
Project("{9A19103F-16F7-4668-BE54-9A1E7A4F7556}") = "AnsycCQ", "AnsycCQ\AnsycCQ.csproj", "{D0D7EB44-9AB8-4151-8732-7DBE94D4FB0E}"
EndProject
Project("{2150E333-8FDC-42A3-9474-1A3956D46DE8}") = "6.4改变ConncurrentStack异步处理顺序", "6.4改变ConncurrentStack异步处理顺序", "{829FB9C2-4295-497D-8116-E00F80AFE1BC}"
EndProject
Project("{9A19103F-16F7-4668-BE54-9A1E7A4F7556}") = "ChangeConncurrentStack", "ChangeConncurrentStack\ChangeConncurrentStack.csproj", "{24F86DFE-2FFF-4B65-B9D5-FCCDABF8CF57}"
EndProject
Project("{2150E333-8FDC-42A3-9474-1A3956D46DE8}") = "6.5ConcurrentBag创建爬虫", "6.5ConcurrentBag创建爬虫", "{7C11ADC8-32F3-4B38-A5D2-57C488299B28}"
EndProject
Project("{9A19103F-16F7-4668-BE54-9A1E7A4F7556}") = "ConcurrentBagUse", "ConcurrentBagUse\ConcurrentBagUse.csproj", "{84E0BA07-B90B-4DF8-B8C2-7BD08EF080CF}"
EndProject
Project("{2150E333-8FDC-42A3-9474-1A3956D46DE8}") = "6.6BlockingCollection", "6.6BlockingCollection", "{455A5CC0-42D0-4765-9263-BDFF6381DD86}"
EndProject
Project("{9A19103F-16F7-4668-BE54-9A1E7A4F7556}") = "BlockingCollectionUse", "BlockingCollectionUse\BlockingCollectionUse.csproj", "{37015F49-57E6-4A2A-9A78-6E2BAFF1EF50}"
EndProject
Project("{2150E333-8FDC-42A3-9474-1A3956D46DE8}") = "7使用PLINQ", "7使用PLINQ", "{76E146B1-297E-4100-9550-75833CDFE12F}"
EndProject
Project("{2150E333-8FDC-42A3-9474-1A3956D46DE8}") = "7.2使用Paralle类", "7.2使用Paralle类", "{BD6D7A9E-AF73-4291-B8FA-493E622426E2}"
EndProject
Project("{9A19103F-16F7-4668-BE54-9A1E7A4F7556}") = "ParalleUse", "ParalleUse\ParalleUse.csproj", "{CEC80BF4-F909-415B-8D1D-D21941046A58}"
EndProject
Project("{2150E333-8FDC-42A3-9474-1A3956D46DE8}") = "7.3并行化Linq查询", "7.3并行化Linq查询", "{834322F8-1C79-46CA-AA6A-FD395667B527}"
EndProject
Project("{9A19103F-16F7-4668-BE54-9A1E7A4F7556}") = "ParalleInquire", "ParalleInquire\ParalleInquire.csproj", "{32315736-5B97-47B6-AE03-20D1C8D60D41}"
EndProject
Project("{2150E333-8FDC-42A3-9474-1A3956D46DE8}") = "7.4调整PLIQ查询的参数", "7.4调整PLIQ查询的参数", "{AFF871AF-8C3F-49F4-AF10-628B2621FA4B}"
EndProject
Project("{9A19103F-16F7-4668-BE54-9A1E7A4F7556}") = "ConsoleApp2", "ConsoleApp2\ConsoleApp2.csproj", "{53D2B61B-6B18-4E59-B5B4-8E885C59DDCB}"
EndProject
Project("{2150E333-8FDC-42A3-9474-1A3956D46DE8}") = "7.5处理PLINQ查询中的异常", "7.5处理PLINQ查询中的异常", "{4231D1E7-C14B-482D-B5B3-0046D6A96BB1}"
EndProject
Project("{9A19103F-16F7-4668-BE54-9A1E7A4F7556}") = "ConsoleApp3", "ConsoleApp3\ConsoleApp3.csproj", "{374BC20D-2AA0-43CF-B990-698911108BFC}"
EndProject
Project("{2150E333-8FDC-42A3-9474-1A3956D46DE8}") = "7.6管理PlLINQ查询中的数据分区", "7.6管理PlLINQ查询中的数据分区", "{9B77D6BA-F40A-449C-880E-21DF02ED2E74}"
EndProject
Project("{9A19103F-16F7-4668-BE54-9A1E7A4F7556}") = "ConsoleApp4", "ConsoleApp4\ConsoleApp4.csproj", "{37531D46-518F-4DD7-A407-15F69341498F}"
EndProject
Project("{2150E333-8FDC-42A3-9474-1A3956D46DE8}") = "7.7位PINQ查询创建聚合器", "7.7位PINQ查询创建聚合器", "{AEC45D0A-6FB0-43A7-871E-E3375F8AFFC3}"
EndProject
Project("{9A19103F-16F7-4668-BE54-9A1E7A4F7556}") = "ConsoleApp5", "ConsoleApp5\ConsoleApp5.csproj", "{44DB71E3-1ABF-4C88-B307-04F35D2AAB99}"
EndProject
Project("{2150E333-8FDC-42A3-9474-1A3956D46DE8}") = "8使用Reactive Extensions", "8使用Reactive Extensions", "{DD8890C5-B716-4D4B-A52C-8731AC26B183}"
EndProject
Project("{2150E333-8FDC-42A3-9474-1A3956D46DE8}") = "8.2普通集合转异步可观察集合", "8.2普通集合转异步可观察集合", "{84978E83-6B29-4C1A-B5FF-F87BFF078050}"
EndProject
Project("{9A19103F-16F7-4668-BE54-9A1E7A4F7556}") = "ConsoleApp6", "ConsoleApp6\ConsoleApp6.csproj", "{174050C6-D7C5-4ACC-BA7E-D7A18C86AE02}"
EndProject
Project("{2150E333-8FDC-42A3-9474-1A3956D46DE8}") = "8.3编写自定义的可观察对象", "8.3编写自定义的可观察对象", "{F8BE8000-83A9-4B8C-AB52-0F9244F2FDD7}"
EndProject
Project("{9A19103F-16F7-4668-BE54-9A1E7A4F7556}") = "ConsoleApp7", "ConsoleApp7\ConsoleApp7.csproj", "{F3A640ED-E8E2-4BF8-9D35-50DCB15544A8}"
EndProject
Project("{2150E333-8FDC-42A3-9474-1A3956D46DE8}") = "8.4使用subject", "8.4使用subject", "{FA631668-DAB4-4A3F-810F-BE7E487B9ECB}"
EndProject
Project("{9A19103F-16F7-4668-BE54-9A1E7A4F7556}") = "ConsoleApp8", "ConsoleApp8\ConsoleApp8.csproj", "{33FE4FBF-ED5E-46B7-BA17-BE782BC99AA4}"
EndProject
Project("{2150E333-8FDC-42A3-9474-1A3956D46DE8}") = "8.5创建可观察的对象", "8.5创建可观察的对象", "{B32F8AC3-2CC0-4777-9ECB-E8CCF5845A10}"
EndProject
Project("{9A19103F-16F7-4668-BE54-9A1E7A4F7556}") = "ConsoleApp9", "ConsoleApp9\ConsoleApp9.csproj", "{4322CB90-2446-42FB-A112-F1AC2ED75B80}"
EndProject
Project("{2150E333-8FDC-42A3-9474-1A3956D46DE8}") = "8.6对可观察的集合使用LINQ", "8.6对可观察的集合使用LINQ", "{302884B9-4DDF-4CDC-B7AD-D61625A936A6}"
EndProject
Project("{9A19103F-16F7-4668-BE54-9A1E7A4F7556}") = "ConsoleApp10", "ConsoleApp10\ConsoleApp10.csproj", "{B060E435-27A9-4D59-B8AF-5259C33F93BC}"
EndProject
Project("{2150E333-8FDC-42A3-9474-1A3956D46DE8}") = "8.7使用Rx创建异步操作", "8.7使用Rx创建异步操作", "{98FAB3D0-E917-4AA6-89B0-E8A1BB2D1D40}"
EndProject
Project("{9A19103F-16F7-4668-BE54-9A1E7A4F7556}") = "ConsoleApp11", "ConsoleApp11\ConsoleApp11.csproj", "{456399C0-4FE8-4E44-806C-6C200FBBF541}"
EndProject
Project("{2150E333-8FDC-42A3-9474-1A3956D46DE8}") = "9使用异步", "9使用异步", "{021CBB23-26CC-4FBC-98ED-E1F370A3417A}"
EndProject
Project("{2150E333-8FDC-42A3-9474-1A3956D46DE8}") = "9.2异步使用文件", "9.2异步使用文件", "{BE974563-D3AA-4DDD-AD11-7BB32E13F165}"
EndProject
Project("{9A19103F-16F7-4668-BE54-9A1E7A4F7556}") = "ConsoleApp12", "ConsoleApp12\ConsoleApp12.csproj", "{C7A07C1F-F42E-4FC2-867A-687C68A7B6EA}"
EndProject
Project("{2150E333-8FDC-42A3-9474-1A3956D46DE8}") = "9.3异步HTTP服务和客户端", "9.3异步HTTP服务和客户端", "{EDA549CD-07B9-49BA-8DC8-70FCC1A37610}"
EndProject
Project("{9A19103F-16F7-4668-BE54-9A1E7A4F7556}") = "ConsoleApp13", "ConsoleApp13\ConsoleApp13.csproj", "{AAACCAA3-9DF1-4273-BB86-A03E2569188C}"
EndProject
Project("{2150E333-8FDC-42A3-9474-1A3956D46DE8}") = "9.4异步操作数据库", "9.4异步操作数据库", "{4C0A06EA-2188-4A5C-B6CF-971A3EC80097}"
EndProject
Project("{9A19103F-16F7-4668-BE54-9A1E7A4F7556}") = "ConsoleApp14", "ConsoleApp14\ConsoleApp14.csproj", "{A3C02212-B556-477C-9A32-FA52BBA6EAD6}"
EndProject
Project("{2150E333-8FDC-42A3-9474-1A3956D46DE8}") = "9.5异步调用WCF服务", "9.5异步调用WCF服务", "{2A9537DF-2D08-4F56-9849-A8D0EFB462F5}"
EndProject
Project("{9A19103F-16F7-4668-BE54-9A1E7A4F7556}") = "ConsoleApp15", "ConsoleApp15\ConsoleApp15.csproj", "{A812D4C3-8DF1-46CE-9765-BC4C50359334}"
EndProject
Project("{2150E333-8FDC-42A3-9474-1A3956D46DE8}") = "10并行编程", "10并行编程", "{321BD805-5F81-448F-B85F-472CEB9F0D8A}"
EndProject
Project("{2150E333-8FDC-42A3-9474-1A3956D46DE8}") = "10.2实现惰性求值的共享状态", "10.2实现惰性求值的共享状态", "{B0D7A669-FAE0-4683-87B2-15EB93E42AC9}"
EndProject
Project("{9A19103F-16F7-4668-BE54-9A1E7A4F7556}") = "ConsoleApp16", "ConsoleApp16\ConsoleApp16.csproj", "{6F617E53-13B6-431A-9F9B-A669B107D81B}"
EndProject
Project("{2150E333-8FDC-42A3-9474-1A3956D46DE8}") = "2线程同步", "2线程同步", "{050568F4-B50C-4834-A74B-0CCC37426CC0}"
EndProject
Project("{2150E333-8FDC-42A3-9474-1A3956D46DE8}") = "2.5使用AutoResetEvent类", "2.5使用AutoResetEvent类", "{961AE4E5-0B8E-4EE1-9BC5-9061E6DC6C8E}"
EndProject
Project("{9A19103F-16F7-4668-BE54-9A1E7A4F7556}") = "AutoResetEventUse", "AutoResetEventUse\AutoResetEventUse.csproj", "{3AA844DF-876A-418F-A7FE-30E9AF1ABB5B}"
EndProject
Project("{2150E333-8FDC-42A3-9474-1A3956D46DE8}") = "2.6使用ManualResetEventSlim类", "2.6使用ManualResetEventSlim类", "{A41D22CA-E15D-43A7-8368-8A9B8A9C6C83}"
EndProject
Project("{9A19103F-16F7-4668-BE54-9A1E7A4F7556}") = "ManualResetEventSlimUse", "ManualResetEventSlimUse\ManualResetEventSlimUse.csproj", "{401952A8-C89F-43F6-94D4-BF717B193893}"
EndProject
Project("{2150E333-8FDC-42A3-9474-1A3956D46DE8}") = "2.7使用CountDownEvent类", "2.7使用CountDownEvent类", "{572C8AE1-D171-49ED-8813-37EFC08053AD}"
EndProject
Project("{9A19103F-16F7-4668-BE54-9A1E7A4F7556}") = "CountDownEventUse", "CountDownEventUse\CountDownEventUse.csproj", "{91F42616-056C-4AFE-947B-04B968257179}"
EndProject
Project("{2150E333-8FDC-42A3-9474-1A3956D46DE8}") = "2.8使用Barrier类", "2.8使用Barrier类", "{C020995C-6B0E-4D28-BA72-3913D1549787}"
EndProject
Project("{9A19103F-16F7-4668-BE54-9A1E7A4F7556}") = "BarrierUse", "BarrierUse\BarrierUse.csproj", "{9F186247-EA6C-4040-AA00-292CC6DB8EFB}"
EndProject
Project("{2150E333-8FDC-42A3-9474-1A3956D46DE8}") = "2.9使用ReaderWriteLockSlim类", "2.9使用ReaderWriteLockSlim类", "{399BFA29-F257-4523-986F-001A8650F49A}"
EndProject
Project("{9A19103F-16F7-4668-BE54-9A1E7A4F7556}") = "ReaderWriteLockSlimUse", "ReaderWriteLockSlimUse\ReaderWriteLockSlimUse.csproj", "{FBECFB0D-5885-40E9-B4C4-08D1379A1F6F}"
EndProject
Project("{2150E333-8FDC-42A3-9474-1A3956D46DE8}") = "2.10使用SpinWait类", "2.10使用SpinWait类", "{AD9D3C1C-BB21-41F7-B2B7-F6B3A1E825B8}"
EndProject
Project("{9A19103F-16F7-4668-BE54-9A1E7A4F7556}") = "SpinWaitUse", "SpinWaitUse\SpinWaitUse.csproj", "{71649C22-611A-468B-8BE7-F81E3EAEDF72}"
EndProject
Project("{2150E333-8FDC-42A3-9474-1A3956D46DE8}") = "3使用线程池", "3使用线程池", "{1DB32459-3EF8-4376-A066-C9DB30975DAA}"
EndProject
Project("{2150E333-8FDC-42A3-9474-1A3956D46DE8}") = "3.2在线程池使用委托", "3.2在线程池使用委托", "{9101ED84-D041-4582-A83E-4F920F17D3B7}"
EndProject
Project("{9A19103F-16F7-4668-BE54-9A1E7A4F7556}") = "ThreadPoolUserDelegated", "ThreadPoolUserDelegated\ThreadPoolUserDelegated.csproj", "{111D9BBE-32DF-4615-A506-F957FAA8B9BA}"
EndProject
Project("{2150E333-8FDC-42A3-9474-1A3956D46DE8}") = "3.3在线程池异步操作", "3.3在线程池异步操作", "{B07C7022-8F9D-4DF6-9593-D4B9B4FA1880}"
EndProject
Project("{9A19103F-16F7-4668-BE54-9A1E7A4F7556}") = "TreadPoolUseAsync", "TreadPoolUseAsync\TreadPoolUseAsync.csproj", "{314E3E52-CECC-44FA-A602-16DA3B76A705}"
EndProject
Project("{2150E333-8FDC-42A3-9474-1A3956D46DE8}") = "3.4线程池与并行度", "3.4线程池与并行度", "{0270E9AD-B97D-456C-BCFB-3F179C3603FC}"
EndProject
Project("{9A19103F-16F7-4668-BE54-9A1E7A4F7556}") = "ThreadPoolParallelism", "ThreadPoolParallelism\ThreadPoolParallelism.csproj", "{144579B8-1613-48F7-BE3F-794EA62DB926}"
EndProject
Project("{2150E333-8FDC-42A3-9474-1A3956D46DE8}") = "3.5实现一个取消选项", "3.5实现一个取消选项", "{66AC5016-9A70-43DA-9CA1-71B378ABCB34}"
EndProject
Project("{9A19103F-16F7-4668-BE54-9A1E7A4F7556}") = "CancellationTokenUse", "CancellationTokenUse\CancellationTokenUse.csproj", "{DFF96ADF-6B89-4057-BE13-BAE35B320D9F}"
EndProject
Project("{2150E333-8FDC-42A3-9474-1A3956D46DE8}") = "3.6线程池使用等待", "3.6线程池使用等待", "{1B3770E9-DEE8-4A8A-A09B-3F9C3403DC44}"
EndProject
Project("{9A19103F-16F7-4668-BE54-9A1E7A4F7556}") = "ThreadPoolUseWait", "ThreadPoolUseWait\ThreadPoolUseWait.csproj", "{E2D82350-F6E5-43CD-9814-3C3567C4E836}"
EndProject
Project("{2150E333-8FDC-42A3-9474-1A3956D46DE8}") = "3.7使用计时器", "3.7使用计时器", "{DDB45B9D-3789-44A2-AF20-9A4A828D7BF6}"
EndProject
Project("{9A19103F-16F7-4668-BE54-9A1E7A4F7556}") = "TimeUse", "TimeUse\TimeUse.csproj", "{D823A0E0-D8C6-4B2E-A56A-E69FA6DE1002}"
EndProject
Project("{2150E333-8FDC-42A3-9474-1A3956D46DE8}") = "3.8使用BackgroundWorker组件", "3.8使用BackgroundWorker组件", "{F34DB028-B721-4A27-9B25-BCF85906E040}"
EndProject
Project("{9A19103F-16F7-4668-BE54-9A1E7A4F7556}") = "BackgroundWorker组件", "BackgroundWorker组件\BackgroundWorker组件.csproj", "{B124BCC4-6B3F-47A0-961F-DD2839C3E557}"
EndProject
Project("{2150E333-8FDC-42A3-9474-1A3956D46DE8}") = "5.4对连续异步任务使用await操作符", "5.4对连续异步任务使用await操作符", "{9E59E35E-CB37-4692-BD26-DB754E855791}"
EndProject
Project("{9A19103F-16F7-4668-BE54-9A1E7A4F7556}") = "ContinuousAsynchronousTasks", "ContinuousAsynchronousTasks\ContinuousAsynchronousTasks.csproj", "{7E319D35-D34E-4216-A6E9-492328936F17}"
EndProject
Project("{2150E333-8FDC-42A3-9474-1A3956D46DE8}") = "5.5对并行异步任务使用await操作符", "5.5对并行异步任务使用await操作符", "{DAFEC502-D49D-4CF8-933F-0C78F2B75348}"
EndProject
Project("{9A19103F-16F7-4668-BE54-9A1E7A4F7556}") = "ParallelAsynchronousTasks", "ParallelAsynchronousTasks\ParallelAsynchronousTasks.csproj", "{BBD5B678-7846-4C0B-AC6C-49814CB1C13A}"
EndProject
Project("{2150E333-8FDC-42A3-9474-1A3956D46DE8}") = "5.6处理异步操作中的异常", "5.6处理异步操作中的异常", "{AEB47DEE-330B-468B-A1E0-C29610370BEA}"
EndProject
Project("{9A19103F-16F7-4668-BE54-9A1E7A4F7556}") = "AsynchronousExceptions", "AsynchronousExceptions\AsynchronousExceptions.csproj", "{7629646C-2E83-4606-AC91-30536254D793}"
EndProject
Project("{2150E333-8FDC-42A3-9474-1A3956D46DE8}") = "5.7避免使用捕获的同步上下文", "5.7避免使用捕获的同步上下文", "{B9D98E39-97FD-4FD2-B31D-6839877BF56A}"
EndProject
Project("{9A19103F-16F7-4668-BE54-9A1E7A4F7556}") = "WpfApp1", "WpfApp1\WpfApp1.csproj", "{C5AC9AB4-A827-4D6A-A496-65B5142277D5}"
EndProject
Project("{2150E333-8FDC-42A3-9474-1A3956D46DE8}") = "5.8使用ASYNC方法", "5.8使用ASYNC方法", "{606F5109-C910-4453-8BF0-4B6EC39C4826}"
EndProject
Project("{9A19103F-16F7-4668-BE54-9A1E7A4F7556}") = "ConsoleApp18", "ConsoleApp18\ConsoleApp18.csproj", "{D47372F0-3A47-4DE0-B4E5-38101889FC69}"
EndProject
Project("{2150E333-8FDC-42A3-9474-1A3956D46DE8}") = "5.9自定义awaitable类型", "5.9自定义awaitable类型", "{3A741503-36EF-482E-A97F-29468589BFD7}"
EndProject
Project("{9A19103F-16F7-4668-BE54-9A1E7A4F7556}") = "ConsoleApp19", "ConsoleApp19\ConsoleApp19.csproj", "{E45B1E0F-928F-46CB-9CB0-BC850EE7B6B7}"
EndProject
Project("{2150E333-8FDC-42A3-9474-1A3956D46DE8}") = "2.2执行基础原子操作", "2.2执行基础原子操作", "{1C158230-EE67-46B0-93A7-67540BDF3A3B}"
EndProject
Project("{9A19103F-16F7-4668-BE54-9A1E7A4F7556}") = "ConsoleApp20", "ConsoleApp20\ConsoleApp20.csproj", "{950C63A6-D806-4862-B207-2BA8A3E1B5E5}"
EndProject
Project("{2150E333-8FDC-42A3-9474-1A3956D46DE8}") = "2.3使用Mutex类", "2.3使用Mutex类", "{DF915263-E6F9-4897-AD7E-4EFB61070C90}"
EndProject
Project("{9A19103F-16F7-4668-BE54-9A1E7A4F7556}") = "ConsoleApp21", "ConsoleApp21\ConsoleApp21.csproj", "{55B55474-A2F8-4BB9-8FD2-459CCC4EC720}"
EndProject
Project("{2150E333-8FDC-42A3-9474-1A3956D46DE8}") = "2.4使用SemaphoreSlim类", "2.4使用SemaphoreSlim类", "{E5BBCC34-171E-4974-8DBB-075E584E4EF3}"
EndProject
Project("{9A19103F-16F7-4668-BE54-9A1E7A4F7556}") = "ConsoleApp22", "ConsoleApp22\ConsoleApp22.csproj", "{4DD107F6-8ED2-4F65-9BBF-7F55DD8D2313}"
EndProject
Project("{2150E333-8FDC-42A3-9474-1A3956D46DE8}") = "5.10对动态类型使用await", "5.10对动态类型使用await", "{1079E499-F479-4371-B9E7-8A432C0BB4C6}"
EndProject
Project("{9A19103F-16F7-4668-BE54-9A1E7A4F7556}") = "ConsoleApp23", "ConsoleApp23\ConsoleApp23.csproj", "{F6E41482-6C50-4DF5-A0B2-3C703EF8284E}"
EndProject
Project("{2150E333-8FDC-42A3-9474-1A3956D46DE8}") = "6.2使用ConcurrentDictionary", "6.2使用ConcurrentDictionary", "{B0DD2F7F-1127-4C2F-869B-A0FD4C434852}"
EndProject
Project("{2150E333-8FDC-42A3-9474-1A3956D46DE8}") = "10.3使用BlockingCollection实现并行通道", "10.3使用BlockingCollection实现并行通道", "{983BDBF2-6C5C-42A1-84DE-9CF9BD59A96B}"
EndProject
Project("{9A19103F-16F7-4668-BE54-9A1E7A4F7556}") = "ConsoleApp24", "ConsoleApp24\ConsoleApp24.csproj", "{D1091C9F-A654-4A37-8D3E-7FD7C26805A5}"
EndProject
Project("{2150E333-8FDC-42A3-9474-1A3956D46DE8}") = "10.4使用TPL数据流实现并行管道", "10.4使用TPL数据流实现并行管道", "{9B880A3F-3D09-4BAF-97C0-E72658E79787}"
EndProject
Project("{9A19103F-16F7-4668-BE54-9A1E7A4F7556}") = "ConsoleApp25", "ConsoleApp25\ConsoleApp25.csproj", "{4C9F40E3-5D92-47A6-962D-BC50507DBA95}"
EndProject
Project("{2150E333-8FDC-42A3-9474-1A3956D46DE8}") = "使用PLINQ实现Map-Reduce模式", "使用PLINQ实现Map-Reduce模式", "{B7807D99-4545-49AE-8A73-862C88B395B0}"
EndProject
Project("{FAE04EC0-301F-11D3-BF4B-00C04F79EFBC}") = "ConsoleApp26", "ConsoleApp26\ConsoleApp26.csproj", "{11AB5C8C-20B2-4EDC-83FE-8CE619466714}"
EndProject
Global
	GlobalSection(SolutionConfigurationPlatforms) = preSolution
		Debug|Any CPU = Debug|Any CPU
		Release|Any CPU = Release|Any CPU
	EndGlobalSection
	GlobalSection(ProjectConfigurationPlatforms) = postSolution
		{9A8ACBFA-73F6-4B83-A97A-3A9800612ECD}.Debug|Any CPU.ActiveCfg = Debug|Any CPU
		{9A8ACBFA-73F6-4B83-A97A-3A9800612ECD}.Debug|Any CPU.Build.0 = Debug|Any CPU
		{9A8ACBFA-73F6-4B83-A97A-3A9800612ECD}.Release|Any CPU.ActiveCfg = Release|Any CPU
		{9A8ACBFA-73F6-4B83-A97A-3A9800612ECD}.Release|Any CPU.Build.0 = Release|Any CPU
		{BEFEC408-7A20-4932-9AE6-46A1221CE284}.Debug|Any CPU.ActiveCfg = Debug|Any CPU
		{BEFEC408-7A20-4932-9AE6-46A1221CE284}.Debug|Any CPU.Build.0 = Debug|Any CPU
		{BEFEC408-7A20-4932-9AE6-46A1221CE284}.Release|Any CPU.ActiveCfg = Release|Any CPU
		{BEFEC408-7A20-4932-9AE6-46A1221CE284}.Release|Any CPU.Build.0 = Release|Any CPU
		{02EB2767-F716-4A58-9C00-F74F7ED2B7C8}.Debug|Any CPU.ActiveCfg = Debug|Any CPU
		{02EB2767-F716-4A58-9C00-F74F7ED2B7C8}.Debug|Any CPU.Build.0 = Debug|Any CPU
		{02EB2767-F716-4A58-9C00-F74F7ED2B7C8}.Release|Any CPU.ActiveCfg = Release|Any CPU
		{02EB2767-F716-4A58-9C00-F74F7ED2B7C8}.Release|Any CPU.Build.0 = Release|Any CPU
		{45DD3EF4-D0B3-44E0-95C3-67E8B39EE6A1}.Debug|Any CPU.ActiveCfg = Debug|Any CPU
		{45DD3EF4-D0B3-44E0-95C3-67E8B39EE6A1}.Debug|Any CPU.Build.0 = Debug|Any CPU
		{45DD3EF4-D0B3-44E0-95C3-67E8B39EE6A1}.Release|Any CPU.ActiveCfg = Release|Any CPU
		{45DD3EF4-D0B3-44E0-95C3-67E8B39EE6A1}.Release|Any CPU.Build.0 = Release|Any CPU
		{0BDAE14C-6B77-4B65-81A1-030E455F6CD9}.Debug|Any CPU.ActiveCfg = Debug|Any CPU
		{0BDAE14C-6B77-4B65-81A1-030E455F6CD9}.Debug|Any CPU.Build.0 = Debug|Any CPU
		{0BDAE14C-6B77-4B65-81A1-030E455F6CD9}.Release|Any CPU.ActiveCfg = Release|Any CPU
		{0BDAE14C-6B77-4B65-81A1-030E455F6CD9}.Release|Any CPU.Build.0 = Release|Any CPU
		{700B6D0C-C0C8-4689-B6AA-516D1DB95DC3}.Debug|Any CPU.ActiveCfg = Debug|Any CPU
		{700B6D0C-C0C8-4689-B6AA-516D1DB95DC3}.Debug|Any CPU.Build.0 = Debug|Any CPU
		{700B6D0C-C0C8-4689-B6AA-516D1DB95DC3}.Release|Any CPU.ActiveCfg = Release|Any CPU
		{700B6D0C-C0C8-4689-B6AA-516D1DB95DC3}.Release|Any CPU.Build.0 = Release|Any CPU
		{E3BF6016-BEA8-4D17-ABD5-AB8ADD6C7FC7}.Debug|Any CPU.ActiveCfg = Debug|Any CPU
		{E3BF6016-BEA8-4D17-ABD5-AB8ADD6C7FC7}.Debug|Any CPU.Build.0 = Debug|Any CPU
		{E3BF6016-BEA8-4D17-ABD5-AB8ADD6C7FC7}.Release|Any CPU.ActiveCfg = Release|Any CPU
		{E3BF6016-BEA8-4D17-ABD5-AB8ADD6C7FC7}.Release|Any CPU.Build.0 = Release|Any CPU
		{BD491700-9D1C-4E07-92B3-D39F55C7218F}.Debug|Any CPU.ActiveCfg = Debug|Any CPU
		{BD491700-9D1C-4E07-92B3-D39F55C7218F}.Debug|Any CPU.Build.0 = Debug|Any CPU
		{BD491700-9D1C-4E07-92B3-D39F55C7218F}.Release|Any CPU.ActiveCfg = Release|Any CPU
		{BD491700-9D1C-4E07-92B3-D39F55C7218F}.Release|Any CPU.Build.0 = Release|Any CPU
		{D1A5D6E5-95A0-4BDE-823E-0E37CF3DE65D}.Debug|Any CPU.ActiveCfg = Debug|Any CPU
		{D1A5D6E5-95A0-4BDE-823E-0E37CF3DE65D}.Debug|Any CPU.Build.0 = Debug|Any CPU
		{D1A5D6E5-95A0-4BDE-823E-0E37CF3DE65D}.Release|Any CPU.ActiveCfg = Release|Any CPU
		{D1A5D6E5-95A0-4BDE-823E-0E37CF3DE65D}.Release|Any CPU.Build.0 = Release|Any CPU
		{98D1596E-B3C0-45FE-A093-D69806C9A748}.Debug|Any CPU.ActiveCfg = Debug|Any CPU
		{98D1596E-B3C0-45FE-A093-D69806C9A748}.Debug|Any CPU.Build.0 = Debug|Any CPU
		{98D1596E-B3C0-45FE-A093-D69806C9A748}.Release|Any CPU.ActiveCfg = Release|Any CPU
		{98D1596E-B3C0-45FE-A093-D69806C9A748}.Release|Any CPU.Build.0 = Release|Any CPU
		{4EA29DF8-6A51-4108-AC42-EE41D613CEF5}.Debug|Any CPU.ActiveCfg = Debug|Any CPU
		{4EA29DF8-6A51-4108-AC42-EE41D613CEF5}.Debug|Any CPU.Build.0 = Debug|Any CPU
		{4EA29DF8-6A51-4108-AC42-EE41D613CEF5}.Release|Any CPU.ActiveCfg = Release|Any CPU
		{4EA29DF8-6A51-4108-AC42-EE41D613CEF5}.Release|Any CPU.Build.0 = Release|Any CPU
		{D0D7EB44-9AB8-4151-8732-7DBE94D4FB0E}.Debug|Any CPU.ActiveCfg = Debug|Any CPU
		{D0D7EB44-9AB8-4151-8732-7DBE94D4FB0E}.Debug|Any CPU.Build.0 = Debug|Any CPU
		{D0D7EB44-9AB8-4151-8732-7DBE94D4FB0E}.Release|Any CPU.ActiveCfg = Release|Any CPU
		{D0D7EB44-9AB8-4151-8732-7DBE94D4FB0E}.Release|Any CPU.Build.0 = Release|Any CPU
		{24F86DFE-2FFF-4B65-B9D5-FCCDABF8CF57}.Debug|Any CPU.ActiveCfg = Debug|Any CPU
		{24F86DFE-2FFF-4B65-B9D5-FCCDABF8CF57}.Debug|Any CPU.Build.0 = Debug|Any CPU
		{24F86DFE-2FFF-4B65-B9D5-FCCDABF8CF57}.Release|Any CPU.ActiveCfg = Release|Any CPU
		{24F86DFE-2FFF-4B65-B9D5-FCCDABF8CF57}.Release|Any CPU.Build.0 = Release|Any CPU
		{84E0BA07-B90B-4DF8-B8C2-7BD08EF080CF}.Debug|Any CPU.ActiveCfg = Debug|Any CPU
		{84E0BA07-B90B-4DF8-B8C2-7BD08EF080CF}.Debug|Any CPU.Build.0 = Debug|Any CPU
		{84E0BA07-B90B-4DF8-B8C2-7BD08EF080CF}.Release|Any CPU.ActiveCfg = Release|Any CPU
		{84E0BA07-B90B-4DF8-B8C2-7BD08EF080CF}.Release|Any CPU.Build.0 = Release|Any CPU
		{37015F49-57E6-4A2A-9A78-6E2BAFF1EF50}.Debug|Any CPU.ActiveCfg = Debug|Any CPU
		{37015F49-57E6-4A2A-9A78-6E2BAFF1EF50}.Debug|Any CPU.Build.0 = Debug|Any CPU
		{37015F49-57E6-4A2A-9A78-6E2BAFF1EF50}.Release|Any CPU.ActiveCfg = Release|Any CPU
		{37015F49-57E6-4A2A-9A78-6E2BAFF1EF50}.Release|Any CPU.Build.0 = Release|Any CPU
		{CEC80BF4-F909-415B-8D1D-D21941046A58}.Debug|Any CPU.ActiveCfg = Debug|Any CPU
		{CEC80BF4-F909-415B-8D1D-D21941046A58}.Debug|Any CPU.Build.0 = Debug|Any CPU
		{CEC80BF4-F909-415B-8D1D-D21941046A58}.Release|Any CPU.ActiveCfg = Release|Any CPU
		{CEC80BF4-F909-415B-8D1D-D21941046A58}.Release|Any CPU.Build.0 = Release|Any CPU
		{32315736-5B97-47B6-AE03-20D1C8D60D41}.Debug|Any CPU.ActiveCfg = Debug|Any CPU
		{32315736-5B97-47B6-AE03-20D1C8D60D41}.Debug|Any CPU.Build.0 = Debug|Any CPU
		{32315736-5B97-47B6-AE03-20D1C8D60D41}.Release|Any CPU.ActiveCfg = Release|Any CPU
		{32315736-5B97-47B6-AE03-20D1C8D60D41}.Release|Any CPU.Build.0 = Release|Any CPU
		{53D2B61B-6B18-4E59-B5B4-8E885C59DDCB}.Debug|Any CPU.ActiveCfg = Debug|Any CPU
		{53D2B61B-6B18-4E59-B5B4-8E885C59DDCB}.Debug|Any CPU.Build.0 = Debug|Any CPU
		{53D2B61B-6B18-4E59-B5B4-8E885C59DDCB}.Release|Any CPU.ActiveCfg = Release|Any CPU
		{53D2B61B-6B18-4E59-B5B4-8E885C59DDCB}.Release|Any CPU.Build.0 = Release|Any CPU
		{374BC20D-2AA0-43CF-B990-698911108BFC}.Debug|Any CPU.ActiveCfg = Debug|Any CPU
		{374BC20D-2AA0-43CF-B990-698911108BFC}.Debug|Any CPU.Build.0 = Debug|Any CPU
		{374BC20D-2AA0-43CF-B990-698911108BFC}.Release|Any CPU.ActiveCfg = Release|Any CPU
		{374BC20D-2AA0-43CF-B990-698911108BFC}.Release|Any CPU.Build.0 = Release|Any CPU
		{37531D46-518F-4DD7-A407-15F69341498F}.Debug|Any CPU.ActiveCfg = Debug|Any CPU
		{37531D46-518F-4DD7-A407-15F69341498F}.Debug|Any CPU.Build.0 = Debug|Any CPU
		{37531D46-518F-4DD7-A407-15F69341498F}.Release|Any CPU.ActiveCfg = Release|Any CPU
		{37531D46-518F-4DD7-A407-15F69341498F}.Release|Any CPU.Build.0 = Release|Any CPU
		{44DB71E3-1ABF-4C88-B307-04F35D2AAB99}.Debug|Any CPU.ActiveCfg = Debug|Any CPU
		{44DB71E3-1ABF-4C88-B307-04F35D2AAB99}.Debug|Any CPU.Build.0 = Debug|Any CPU
		{44DB71E3-1ABF-4C88-B307-04F35D2AAB99}.Release|Any CPU.ActiveCfg = Release|Any CPU
		{44DB71E3-1ABF-4C88-B307-04F35D2AAB99}.Release|Any CPU.Build.0 = Release|Any CPU
		{174050C6-D7C5-4ACC-BA7E-D7A18C86AE02}.Debug|Any CPU.ActiveCfg = Debug|Any CPU
		{174050C6-D7C5-4ACC-BA7E-D7A18C86AE02}.Debug|Any CPU.Build.0 = Debug|Any CPU
		{174050C6-D7C5-4ACC-BA7E-D7A18C86AE02}.Release|Any CPU.ActiveCfg = Release|Any CPU
		{174050C6-D7C5-4ACC-BA7E-D7A18C86AE02}.Release|Any CPU.Build.0 = Release|Any CPU
		{F3A640ED-E8E2-4BF8-9D35-50DCB15544A8}.Debug|Any CPU.ActiveCfg = Debug|Any CPU
		{F3A640ED-E8E2-4BF8-9D35-50DCB15544A8}.Debug|Any CPU.Build.0 = Debug|Any CPU
		{F3A640ED-E8E2-4BF8-9D35-50DCB15544A8}.Release|Any CPU.ActiveCfg = Release|Any CPU
		{F3A640ED-E8E2-4BF8-9D35-50DCB15544A8}.Release|Any CPU.Build.0 = Release|Any CPU
		{33FE4FBF-ED5E-46B7-BA17-BE782BC99AA4}.Debug|Any CPU.ActiveCfg = Debug|Any CPU
		{33FE4FBF-ED5E-46B7-BA17-BE782BC99AA4}.Debug|Any CPU.Build.0 = Debug|Any CPU
		{33FE4FBF-ED5E-46B7-BA17-BE782BC99AA4}.Release|Any CPU.ActiveCfg = Release|Any CPU
		{33FE4FBF-ED5E-46B7-BA17-BE782BC99AA4}.Release|Any CPU.Build.0 = Release|Any CPU
		{4322CB90-2446-42FB-A112-F1AC2ED75B80}.Debug|Any CPU.ActiveCfg = Debug|Any CPU
		{4322CB90-2446-42FB-A112-F1AC2ED75B80}.Debug|Any CPU.Build.0 = Debug|Any CPU
		{4322CB90-2446-42FB-A112-F1AC2ED75B80}.Release|Any CPU.ActiveCfg = Release|Any CPU
		{4322CB90-2446-42FB-A112-F1AC2ED75B80}.Release|Any CPU.Build.0 = Release|Any CPU
		{B060E435-27A9-4D59-B8AF-5259C33F93BC}.Debug|Any CPU.ActiveCfg = Debug|Any CPU
		{B060E435-27A9-4D59-B8AF-5259C33F93BC}.Debug|Any CPU.Build.0 = Debug|Any CPU
		{B060E435-27A9-4D59-B8AF-5259C33F93BC}.Release|Any CPU.ActiveCfg = Release|Any CPU
		{B060E435-27A9-4D59-B8AF-5259C33F93BC}.Release|Any CPU.Build.0 = Release|Any CPU
		{456399C0-4FE8-4E44-806C-6C200FBBF541}.Debug|Any CPU.ActiveCfg = Debug|Any CPU
		{456399C0-4FE8-4E44-806C-6C200FBBF541}.Debug|Any CPU.Build.0 = Debug|Any CPU
		{456399C0-4FE8-4E44-806C-6C200FBBF541}.Release|Any CPU.ActiveCfg = Release|Any CPU
		{456399C0-4FE8-4E44-806C-6C200FBBF541}.Release|Any CPU.Build.0 = Release|Any CPU
		{C7A07C1F-F42E-4FC2-867A-687C68A7B6EA}.Debug|Any CPU.ActiveCfg = Debug|Any CPU
		{C7A07C1F-F42E-4FC2-867A-687C68A7B6EA}.Debug|Any CPU.Build.0 = Debug|Any CPU
		{C7A07C1F-F42E-4FC2-867A-687C68A7B6EA}.Release|Any CPU.ActiveCfg = Release|Any CPU
		{C7A07C1F-F42E-4FC2-867A-687C68A7B6EA}.Release|Any CPU.Build.0 = Release|Any CPU
		{AAACCAA3-9DF1-4273-BB86-A03E2569188C}.Debug|Any CPU.ActiveCfg = Debug|Any CPU
		{AAACCAA3-9DF1-4273-BB86-A03E2569188C}.Debug|Any CPU.Build.0 = Debug|Any CPU
		{AAACCAA3-9DF1-4273-BB86-A03E2569188C}.Release|Any CPU.ActiveCfg = Release|Any CPU
		{AAACCAA3-9DF1-4273-BB86-A03E2569188C}.Release|Any CPU.Build.0 = Release|Any CPU
		{A3C02212-B556-477C-9A32-FA52BBA6EAD6}.Debug|Any CPU.ActiveCfg = Debug|Any CPU
		{A3C02212-B556-477C-9A32-FA52BBA6EAD6}.Debug|Any CPU.Build.0 = Debug|Any CPU
		{A3C02212-B556-477C-9A32-FA52BBA6EAD6}.Release|Any CPU.ActiveCfg = Release|Any CPU
		{A3C02212-B556-477C-9A32-FA52BBA6EAD6}.Release|Any CPU.Build.0 = Release|Any CPU
		{A812D4C3-8DF1-46CE-9765-BC4C50359334}.Debug|Any CPU.ActiveCfg = Debug|Any CPU
		{A812D4C3-8DF1-46CE-9765-BC4C50359334}.Debug|Any CPU.Build.0 = Debug|Any CPU
		{A812D4C3-8DF1-46CE-9765-BC4C50359334}.Release|Any CPU.ActiveCfg = Release|Any CPU
		{A812D4C3-8DF1-46CE-9765-BC4C50359334}.Release|Any CPU.Build.0 = Release|Any CPU
		{6F617E53-13B6-431A-9F9B-A669B107D81B}.Debug|Any CPU.ActiveCfg = Debug|Any CPU
		{6F617E53-13B6-431A-9F9B-A669B107D81B}.Debug|Any CPU.Build.0 = Debug|Any CPU
		{6F617E53-13B6-431A-9F9B-A669B107D81B}.Release|Any CPU.ActiveCfg = Release|Any CPU
		{6F617E53-13B6-431A-9F9B-A669B107D81B}.Release|Any CPU.Build.0 = Release|Any CPU
		{3AA844DF-876A-418F-A7FE-30E9AF1ABB5B}.Debug|Any CPU.ActiveCfg = Debug|Any CPU
		{3AA844DF-876A-418F-A7FE-30E9AF1ABB5B}.Debug|Any CPU.Build.0 = Debug|Any CPU
		{3AA844DF-876A-418F-A7FE-30E9AF1ABB5B}.Release|Any CPU.ActiveCfg = Release|Any CPU
		{3AA844DF-876A-418F-A7FE-30E9AF1ABB5B}.Release|Any CPU.Build.0 = Release|Any CPU
		{401952A8-C89F-43F6-94D4-BF717B193893}.Debug|Any CPU.ActiveCfg = Debug|Any CPU
		{401952A8-C89F-43F6-94D4-BF717B193893}.Debug|Any CPU.Build.0 = Debug|Any CPU
		{401952A8-C89F-43F6-94D4-BF717B193893}.Release|Any CPU.ActiveCfg = Release|Any CPU
		{401952A8-C89F-43F6-94D4-BF717B193893}.Release|Any CPU.Build.0 = Release|Any CPU
		{91F42616-056C-4AFE-947B-04B968257179}.Debug|Any CPU.ActiveCfg = Debug|Any CPU
		{91F42616-056C-4AFE-947B-04B968257179}.Debug|Any CPU.Build.0 = Debug|Any CPU
		{91F42616-056C-4AFE-947B-04B968257179}.Release|Any CPU.ActiveCfg = Release|Any CPU
		{91F42616-056C-4AFE-947B-04B968257179}.Release|Any CPU.Build.0 = Release|Any CPU
		{9F186247-EA6C-4040-AA00-292CC6DB8EFB}.Debug|Any CPU.ActiveCfg = Debug|Any CPU
		{9F186247-EA6C-4040-AA00-292CC6DB8EFB}.Debug|Any CPU.Build.0 = Debug|Any CPU
		{9F186247-EA6C-4040-AA00-292CC6DB8EFB}.Release|Any CPU.ActiveCfg = Release|Any CPU
		{9F186247-EA6C-4040-AA00-292CC6DB8EFB}.Release|Any CPU.Build.0 = Release|Any CPU
		{FBECFB0D-5885-40E9-B4C4-08D1379A1F6F}.Debug|Any CPU.ActiveCfg = Debug|Any CPU
		{FBECFB0D-5885-40E9-B4C4-08D1379A1F6F}.Debug|Any CPU.Build.0 = Debug|Any CPU
		{FBECFB0D-5885-40E9-B4C4-08D1379A1F6F}.Release|Any CPU.ActiveCfg = Release|Any CPU
		{FBECFB0D-5885-40E9-B4C4-08D1379A1F6F}.Release|Any CPU.Build.0 = Release|Any CPU
		{71649C22-611A-468B-8BE7-F81E3EAEDF72}.Debug|Any CPU.ActiveCfg = Debug|Any CPU
		{71649C22-611A-468B-8BE7-F81E3EAEDF72}.Debug|Any CPU.Build.0 = Debug|Any CPU
		{71649C22-611A-468B-8BE7-F81E3EAEDF72}.Release|Any CPU.ActiveCfg = Release|Any CPU
		{71649C22-611A-468B-8BE7-F81E3EAEDF72}.Release|Any CPU.Build.0 = Release|Any CPU
		{111D9BBE-32DF-4615-A506-F957FAA8B9BA}.Debug|Any CPU.ActiveCfg = Debug|Any CPU
		{111D9BBE-32DF-4615-A506-F957FAA8B9BA}.Debug|Any CPU.Build.0 = Debug|Any CPU
		{111D9BBE-32DF-4615-A506-F957FAA8B9BA}.Release|Any CPU.ActiveCfg = Release|Any CPU
		{111D9BBE-32DF-4615-A506-F957FAA8B9BA}.Release|Any CPU.Build.0 = Release|Any CPU
		{314E3E52-CECC-44FA-A602-16DA3B76A705}.Debug|Any CPU.ActiveCfg = Debug|Any CPU
		{314E3E52-CECC-44FA-A602-16DA3B76A705}.Debug|Any CPU.Build.0 = Debug|Any CPU
		{314E3E52-CECC-44FA-A602-16DA3B76A705}.Release|Any CPU.ActiveCfg = Release|Any CPU
		{314E3E52-CECC-44FA-A602-16DA3B76A705}.Release|Any CPU.Build.0 = Release|Any CPU
		{144579B8-1613-48F7-BE3F-794EA62DB926}.Debug|Any CPU.ActiveCfg = Debug|Any CPU
		{144579B8-1613-48F7-BE3F-794EA62DB926}.Debug|Any CPU.Build.0 = Debug|Any CPU
		{144579B8-1613-48F7-BE3F-794EA62DB926}.Release|Any CPU.ActiveCfg = Release|Any CPU
		{144579B8-1613-48F7-BE3F-794EA62DB926}.Release|Any CPU.Build.0 = Release|Any CPU
		{DFF96ADF-6B89-4057-BE13-BAE35B320D9F}.Debug|Any CPU.ActiveCfg = Debug|Any CPU
		{DFF96ADF-6B89-4057-BE13-BAE35B320D9F}.Debug|Any CPU.Build.0 = Debug|Any CPU
		{DFF96ADF-6B89-4057-BE13-BAE35B320D9F}.Release|Any CPU.ActiveCfg = Release|Any CPU
		{DFF96ADF-6B89-4057-BE13-BAE35B320D9F}.Release|Any CPU.Build.0 = Release|Any CPU
		{E2D82350-F6E5-43CD-9814-3C3567C4E836}.Debug|Any CPU.ActiveCfg = Debug|Any CPU
		{E2D82350-F6E5-43CD-9814-3C3567C4E836}.Debug|Any CPU.Build.0 = Debug|Any CPU
		{E2D82350-F6E5-43CD-9814-3C3567C4E836}.Release|Any CPU.ActiveCfg = Release|Any CPU
		{E2D82350-F6E5-43CD-9814-3C3567C4E836}.Release|Any CPU.Build.0 = Release|Any CPU
		{D823A0E0-D8C6-4B2E-A56A-E69FA6DE1002}.Debug|Any CPU.ActiveCfg = Debug|Any CPU
		{D823A0E0-D8C6-4B2E-A56A-E69FA6DE1002}.Debug|Any CPU.Build.0 = Debug|Any CPU
		{D823A0E0-D8C6-4B2E-A56A-E69FA6DE1002}.Release|Any CPU.ActiveCfg = Release|Any CPU
		{D823A0E0-D8C6-4B2E-A56A-E69FA6DE1002}.Release|Any CPU.Build.0 = Release|Any CPU
		{B124BCC4-6B3F-47A0-961F-DD2839C3E557}.Debug|Any CPU.ActiveCfg = Debug|Any CPU
		{B124BCC4-6B3F-47A0-961F-DD2839C3E557}.Debug|Any CPU.Build.0 = Debug|Any CPU
		{B124BCC4-6B3F-47A0-961F-DD2839C3E557}.Release|Any CPU.ActiveCfg = Release|Any CPU
		{B124BCC4-6B3F-47A0-961F-DD2839C3E557}.Release|Any CPU.Build.0 = Release|Any CPU
		{7E319D35-D34E-4216-A6E9-492328936F17}.Debug|Any CPU.ActiveCfg = Debug|Any CPU
		{7E319D35-D34E-4216-A6E9-492328936F17}.Debug|Any CPU.Build.0 = Debug|Any CPU
		{7E319D35-D34E-4216-A6E9-492328936F17}.Release|Any CPU.ActiveCfg = Release|Any CPU
		{7E319D35-D34E-4216-A6E9-492328936F17}.Release|Any CPU.Build.0 = Release|Any CPU
		{BBD5B678-7846-4C0B-AC6C-49814CB1C13A}.Debug|Any CPU.ActiveCfg = Debug|Any CPU
		{BBD5B678-7846-4C0B-AC6C-49814CB1C13A}.Debug|Any CPU.Build.0 = Debug|Any CPU
		{BBD5B678-7846-4C0B-AC6C-49814CB1C13A}.Release|Any CPU.ActiveCfg = Release|Any CPU
		{BBD5B678-7846-4C0B-AC6C-49814CB1C13A}.Release|Any CPU.Build.0 = Release|Any CPU
		{7629646C-2E83-4606-AC91-30536254D793}.Debug|Any CPU.ActiveCfg = Debug|Any CPU
		{7629646C-2E83-4606-AC91-30536254D793}.Debug|Any CPU.Build.0 = Debug|Any CPU
		{7629646C-2E83-4606-AC91-30536254D793}.Release|Any CPU.ActiveCfg = Release|Any CPU
		{7629646C-2E83-4606-AC91-30536254D793}.Release|Any CPU.Build.0 = Release|Any CPU
		{C5AC9AB4-A827-4D6A-A496-65B5142277D5}.Debug|Any CPU.ActiveCfg = Debug|Any CPU
		{C5AC9AB4-A827-4D6A-A496-65B5142277D5}.Debug|Any CPU.Build.0 = Debug|Any CPU
		{C5AC9AB4-A827-4D6A-A496-65B5142277D5}.Release|Any CPU.ActiveCfg = Release|Any CPU
		{C5AC9AB4-A827-4D6A-A496-65B5142277D5}.Release|Any CPU.Build.0 = Release|Any CPU
		{D47372F0-3A47-4DE0-B4E5-38101889FC69}.Debug|Any CPU.ActiveCfg = Debug|Any CPU
		{D47372F0-3A47-4DE0-B4E5-38101889FC69}.Debug|Any CPU.Build.0 = Debug|Any CPU
		{D47372F0-3A47-4DE0-B4E5-38101889FC69}.Release|Any CPU.ActiveCfg = Release|Any CPU
		{D47372F0-3A47-4DE0-B4E5-38101889FC69}.Release|Any CPU.Build.0 = Release|Any CPU
		{E45B1E0F-928F-46CB-9CB0-BC850EE7B6B7}.Debug|Any CPU.ActiveCfg = Debug|Any CPU
		{E45B1E0F-928F-46CB-9CB0-BC850EE7B6B7}.Debug|Any CPU.Build.0 = Debug|Any CPU
		{E45B1E0F-928F-46CB-9CB0-BC850EE7B6B7}.Release|Any CPU.ActiveCfg = Release|Any CPU
		{E45B1E0F-928F-46CB-9CB0-BC850EE7B6B7}.Release|Any CPU.Build.0 = Release|Any CPU
		{950C63A6-D806-4862-B207-2BA8A3E1B5E5}.Debug|Any CPU.ActiveCfg = Debug|Any CPU
		{950C63A6-D806-4862-B207-2BA8A3E1B5E5}.Debug|Any CPU.Build.0 = Debug|Any CPU
		{950C63A6-D806-4862-B207-2BA8A3E1B5E5}.Release|Any CPU.ActiveCfg = Release|Any CPU
		{950C63A6-D806-4862-B207-2BA8A3E1B5E5}.Release|Any CPU.Build.0 = Release|Any CPU
		{55B55474-A2F8-4BB9-8FD2-459CCC4EC720}.Debug|Any CPU.ActiveCfg = Debug|Any CPU
		{55B55474-A2F8-4BB9-8FD2-459CCC4EC720}.Debug|Any CPU.Build.0 = Debug|Any CPU
		{55B55474-A2F8-4BB9-8FD2-459CCC4EC720}.Release|Any CPU.ActiveCfg = Release|Any CPU
		{55B55474-A2F8-4BB9-8FD2-459CCC4EC720}.Release|Any CPU.Build.0 = Release|Any CPU
		{4DD107F6-8ED2-4F65-9BBF-7F55DD8D2313}.Debug|Any CPU.ActiveCfg = Debug|Any CPU
		{4DD107F6-8ED2-4F65-9BBF-7F55DD8D2313}.Debug|Any CPU.Build.0 = Debug|Any CPU
		{4DD107F6-8ED2-4F65-9BBF-7F55DD8D2313}.Release|Any CPU.ActiveCfg = Release|Any CPU
		{4DD107F6-8ED2-4F65-9BBF-7F55DD8D2313}.Release|Any CPU.Build.0 = Release|Any CPU
		{F6E41482-6C50-4DF5-A0B2-3C703EF8284E}.Debug|Any CPU.ActiveCfg = Debug|Any CPU
		{F6E41482-6C50-4DF5-A0B2-3C703EF8284E}.Debug|Any CPU.Build.0 = Debug|Any CPU
		{F6E41482-6C50-4DF5-A0B2-3C703EF8284E}.Release|Any CPU.ActiveCfg = Release|Any CPU
		{F6E41482-6C50-4DF5-A0B2-3C703EF8284E}.Release|Any CPU.Build.0 = Release|Any CPU
		{D1091C9F-A654-4A37-8D3E-7FD7C26805A5}.Debug|Any CPU.ActiveCfg = Debug|Any CPU
		{D1091C9F-A654-4A37-8D3E-7FD7C26805A5}.Debug|Any CPU.Build.0 = Debug|Any CPU
		{D1091C9F-A654-4A37-8D3E-7FD7C26805A5}.Release|Any CPU.ActiveCfg = Release|Any CPU
		{D1091C9F-A654-4A37-8D3E-7FD7C26805A5}.Release|Any CPU.Build.0 = Release|Any CPU
		{4C9F40E3-5D92-47A6-962D-BC50507DBA95}.Debug|Any CPU.ActiveCfg = Debug|Any CPU
		{4C9F40E3-5D92-47A6-962D-BC50507DBA95}.Debug|Any CPU.Build.0 = Debug|Any CPU
		{4C9F40E3-5D92-47A6-962D-BC50507DBA95}.Release|Any CPU.ActiveCfg = Release|Any CPU
		{4C9F40E3-5D92-47A6-962D-BC50507DBA95}.Release|Any CPU.Build.0 = Release|Any CPU
		{11AB5C8C-20B2-4EDC-83FE-8CE619466714}.Debug|Any CPU.ActiveCfg = Debug|Any CPU
		{11AB5C8C-20B2-4EDC-83FE-8CE619466714}.Debug|Any CPU.Build.0 = Debug|Any CPU
		{11AB5C8C-20B2-4EDC-83FE-8CE619466714}.Release|Any CPU.ActiveCfg = Release|Any CPU
		{11AB5C8C-20B2-4EDC-83FE-8CE619466714}.Release|Any CPU.Build.0 = Release|Any CPU
	EndGlobalSection
	GlobalSection(SolutionProperties) = preSolution
		HideSolutionNode = FALSE
	EndGlobalSection
	GlobalSection(NestedProjects) = preSolution
		{1890C310-7CF5-4FB4-A58F-2D9C246171DF} = {8A2488D3-8618-4E71-8F96-1D7F3D225B48}
		{3A846197-CA3E-414B-8218-D7352F63B6AB} = {8A2488D3-8618-4E71-8F96-1D7F3D225B48}
		{9A8ACBFA-73F6-4B83-A97A-3A9800612ECD} = {3A846197-CA3E-414B-8218-D7352F63B6AB}
		{BEFEC408-7A20-4932-9AE6-46A1221CE284} = {1890C310-7CF5-4FB4-A58F-2D9C246171DF}
		{6F63161C-0E1E-42D0-B9DE-6A3AD73A43F3} = {8A2488D3-8618-4E71-8F96-1D7F3D225B48}
		{02EB2767-F716-4A58-9C00-F74F7ED2B7C8} = {6F63161C-0E1E-42D0-B9DE-6A3AD73A43F3}
		{9976202E-65D7-4F36-8D75-656EAD9A2B01} = {8A2488D3-8618-4E71-8F96-1D7F3D225B48}
		{45DD3EF4-D0B3-44E0-95C3-67E8B39EE6A1} = {9976202E-65D7-4F36-8D75-656EAD9A2B01}
		{76A6EE2F-8E7E-4A52-AE5B-46E5A5CB0632} = {8A2488D3-8618-4E71-8F96-1D7F3D225B48}
		{0BDAE14C-6B77-4B65-81A1-030E455F6CD9} = {76A6EE2F-8E7E-4A52-AE5B-46E5A5CB0632}
		{707F3B32-BC41-4E59-A1F3-1D8E059A3239} = {8A2488D3-8618-4E71-8F96-1D7F3D225B48}
		{700B6D0C-C0C8-4689-B6AA-516D1DB95DC3} = {707F3B32-BC41-4E59-A1F3-1D8E059A3239}
		{E506E3C1-D7A1-4C84-9A51-7DA02B0ADCAF} = {8A2488D3-8618-4E71-8F96-1D7F3D225B48}
		{E3BF6016-BEA8-4D17-ABD5-AB8ADD6C7FC7} = {E506E3C1-D7A1-4C84-9A51-7DA02B0ADCAF}
		{ABD87CD8-4087-4FF1-8BBD-394A1CCA33CF} = {8A2488D3-8618-4E71-8F96-1D7F3D225B48}
		{BD491700-9D1C-4E07-92B3-D39F55C7218F} = {ABD87CD8-4087-4FF1-8BBD-394A1CCA33CF}
		{CD5F7929-F4C4-4939-8F0E-F39448C3642B} = {8A2488D3-8618-4E71-8F96-1D7F3D225B48}
		{D1A5D6E5-95A0-4BDE-823E-0E37CF3DE65D} = {CD5F7929-F4C4-4939-8F0E-F39448C3642B}
		{908CC9CB-DF14-4879-8EBB-A0A6C92EE5F2} = {6629F44F-EF87-4800-80DD-DADCF3294520}
		{98D1596E-B3C0-45FE-A093-D69806C9A748} = {908CC9CB-DF14-4879-8EBB-A0A6C92EE5F2}
		{DB7D7B6D-FBED-4DAC-AF7E-9D2C3FECAE15} = {6629F44F-EF87-4800-80DD-DADCF3294520}
		{4EA29DF8-6A51-4108-AC42-EE41D613CEF5} = {DB7D7B6D-FBED-4DAC-AF7E-9D2C3FECAE15}
		{BF557815-523F-437F-968C-B1DF1E6D16A9} = {E8CC67F4-B994-4B5B-A368-DF198DE731DF}
		{D0D7EB44-9AB8-4151-8732-7DBE94D4FB0E} = {BF557815-523F-437F-968C-B1DF1E6D16A9}
		{829FB9C2-4295-497D-8116-E00F80AFE1BC} = {E8CC67F4-B994-4B5B-A368-DF198DE731DF}
		{24F86DFE-2FFF-4B65-B9D5-FCCDABF8CF57} = {829FB9C2-4295-497D-8116-E00F80AFE1BC}
		{7C11ADC8-32F3-4B38-A5D2-57C488299B28} = {E8CC67F4-B994-4B5B-A368-DF198DE731DF}
		{84E0BA07-B90B-4DF8-B8C2-7BD08EF080CF} = {7C11ADC8-32F3-4B38-A5D2-57C488299B28}
		{455A5CC0-42D0-4765-9263-BDFF6381DD86} = {E8CC67F4-B994-4B5B-A368-DF198DE731DF}
		{37015F49-57E6-4A2A-9A78-6E2BAFF1EF50} = {455A5CC0-42D0-4765-9263-BDFF6381DD86}
		{BD6D7A9E-AF73-4291-B8FA-493E622426E2} = {76E146B1-297E-4100-9550-75833CDFE12F}
		{CEC80BF4-F909-415B-8D1D-D21941046A58} = {BD6D7A9E-AF73-4291-B8FA-493E622426E2}
		{834322F8-1C79-46CA-AA6A-FD395667B527} = {76E146B1-297E-4100-9550-75833CDFE12F}
		{32315736-5B97-47B6-AE03-20D1C8D60D41} = {834322F8-1C79-46CA-AA6A-FD395667B527}
		{AFF871AF-8C3F-49F4-AF10-628B2621FA4B} = {76E146B1-297E-4100-9550-75833CDFE12F}
		{53D2B61B-6B18-4E59-B5B4-8E885C59DDCB} = {AFF871AF-8C3F-49F4-AF10-628B2621FA4B}
		{4231D1E7-C14B-482D-B5B3-0046D6A96BB1} = {76E146B1-297E-4100-9550-75833CDFE12F}
		{374BC20D-2AA0-43CF-B990-698911108BFC} = {4231D1E7-C14B-482D-B5B3-0046D6A96BB1}
		{9B77D6BA-F40A-449C-880E-21DF02ED2E74} = {76E146B1-297E-4100-9550-75833CDFE12F}
		{37531D46-518F-4DD7-A407-15F69341498F} = {9B77D6BA-F40A-449C-880E-21DF02ED2E74}
		{AEC45D0A-6FB0-43A7-871E-E3375F8AFFC3} = {76E146B1-297E-4100-9550-75833CDFE12F}
		{44DB71E3-1ABF-4C88-B307-04F35D2AAB99} = {AEC45D0A-6FB0-43A7-871E-E3375F8AFFC3}
		{84978E83-6B29-4C1A-B5FF-F87BFF078050} = {DD8890C5-B716-4D4B-A52C-8731AC26B183}
		{174050C6-D7C5-4ACC-BA7E-D7A18C86AE02} = {84978E83-6B29-4C1A-B5FF-F87BFF078050}
		{F8BE8000-83A9-4B8C-AB52-0F9244F2FDD7} = {DD8890C5-B716-4D4B-A52C-8731AC26B183}
		{F3A640ED-E8E2-4BF8-9D35-50DCB15544A8} = {F8BE8000-83A9-4B8C-AB52-0F9244F2FDD7}
		{FA631668-DAB4-4A3F-810F-BE7E487B9ECB} = {DD8890C5-B716-4D4B-A52C-8731AC26B183}
		{33FE4FBF-ED5E-46B7-BA17-BE782BC99AA4} = {FA631668-DAB4-4A3F-810F-BE7E487B9ECB}
		{B32F8AC3-2CC0-4777-9ECB-E8CCF5845A10} = {DD8890C5-B716-4D4B-A52C-8731AC26B183}
		{4322CB90-2446-42FB-A112-F1AC2ED75B80} = {B32F8AC3-2CC0-4777-9ECB-E8CCF5845A10}
		{302884B9-4DDF-4CDC-B7AD-D61625A936A6} = {DD8890C5-B716-4D4B-A52C-8731AC26B183}
		{B060E435-27A9-4D59-B8AF-5259C33F93BC} = {302884B9-4DDF-4CDC-B7AD-D61625A936A6}
		{98FAB3D0-E917-4AA6-89B0-E8A1BB2D1D40} = {DD8890C5-B716-4D4B-A52C-8731AC26B183}
		{456399C0-4FE8-4E44-806C-6C200FBBF541} = {98FAB3D0-E917-4AA6-89B0-E8A1BB2D1D40}
		{BE974563-D3AA-4DDD-AD11-7BB32E13F165} = {021CBB23-26CC-4FBC-98ED-E1F370A3417A}
		{C7A07C1F-F42E-4FC2-867A-687C68A7B6EA} = {BE974563-D3AA-4DDD-AD11-7BB32E13F165}
		{EDA549CD-07B9-49BA-8DC8-70FCC1A37610} = {021CBB23-26CC-4FBC-98ED-E1F370A3417A}
		{AAACCAA3-9DF1-4273-BB86-A03E2569188C} = {EDA549CD-07B9-49BA-8DC8-70FCC1A37610}
		{4C0A06EA-2188-4A5C-B6CF-971A3EC80097} = {021CBB23-26CC-4FBC-98ED-E1F370A3417A}
		{A3C02212-B556-477C-9A32-FA52BBA6EAD6} = {4C0A06EA-2188-4A5C-B6CF-971A3EC80097}
		{2A9537DF-2D08-4F56-9849-A8D0EFB462F5} = {021CBB23-26CC-4FBC-98ED-E1F370A3417A}
		{A812D4C3-8DF1-46CE-9765-BC4C50359334} = {2A9537DF-2D08-4F56-9849-A8D0EFB462F5}
		{B0D7A669-FAE0-4683-87B2-15EB93E42AC9} = {321BD805-5F81-448F-B85F-472CEB9F0D8A}
		{6F617E53-13B6-431A-9F9B-A669B107D81B} = {B0D7A669-FAE0-4683-87B2-15EB93E42AC9}
		{961AE4E5-0B8E-4EE1-9BC5-9061E6DC6C8E} = {050568F4-B50C-4834-A74B-0CCC37426CC0}
		{3AA844DF-876A-418F-A7FE-30E9AF1ABB5B} = {961AE4E5-0B8E-4EE1-9BC5-9061E6DC6C8E}
		{A41D22CA-E15D-43A7-8368-8A9B8A9C6C83} = {050568F4-B50C-4834-A74B-0CCC37426CC0}
		{401952A8-C89F-43F6-94D4-BF717B193893} = {A41D22CA-E15D-43A7-8368-8A9B8A9C6C83}
		{572C8AE1-D171-49ED-8813-37EFC08053AD} = {050568F4-B50C-4834-A74B-0CCC37426CC0}
		{91F42616-056C-4AFE-947B-04B968257179} = {572C8AE1-D171-49ED-8813-37EFC08053AD}
		{C020995C-6B0E-4D28-BA72-3913D1549787} = {050568F4-B50C-4834-A74B-0CCC37426CC0}
		{9F186247-EA6C-4040-AA00-292CC6DB8EFB} = {C020995C-6B0E-4D28-BA72-3913D1549787}
		{399BFA29-F257-4523-986F-001A8650F49A} = {050568F4-B50C-4834-A74B-0CCC37426CC0}
		{FBECFB0D-5885-40E9-B4C4-08D1379A1F6F} = {399BFA29-F257-4523-986F-001A8650F49A}
		{AD9D3C1C-BB21-41F7-B2B7-F6B3A1E825B8} = {050568F4-B50C-4834-A74B-0CCC37426CC0}
		{71649C22-611A-468B-8BE7-F81E3EAEDF72} = {AD9D3C1C-BB21-41F7-B2B7-F6B3A1E825B8}
		{9101ED84-D041-4582-A83E-4F920F17D3B7} = {1DB32459-3EF8-4376-A066-C9DB30975DAA}
		{111D9BBE-32DF-4615-A506-F957FAA8B9BA} = {9101ED84-D041-4582-A83E-4F920F17D3B7}
		{B07C7022-8F9D-4DF6-9593-D4B9B4FA1880} = {1DB32459-3EF8-4376-A066-C9DB30975DAA}
		{314E3E52-CECC-44FA-A602-16DA3B76A705} = {B07C7022-8F9D-4DF6-9593-D4B9B4FA1880}
		{0270E9AD-B97D-456C-BCFB-3F179C3603FC} = {1DB32459-3EF8-4376-A066-C9DB30975DAA}
		{144579B8-1613-48F7-BE3F-794EA62DB926} = {0270E9AD-B97D-456C-BCFB-3F179C3603FC}
		{66AC5016-9A70-43DA-9CA1-71B378ABCB34} = {1DB32459-3EF8-4376-A066-C9DB30975DAA}
		{DFF96ADF-6B89-4057-BE13-BAE35B320D9F} = {66AC5016-9A70-43DA-9CA1-71B378ABCB34}
		{1B3770E9-DEE8-4A8A-A09B-3F9C3403DC44} = {1DB32459-3EF8-4376-A066-C9DB30975DAA}
		{E2D82350-F6E5-43CD-9814-3C3567C4E836} = {1B3770E9-DEE8-4A8A-A09B-3F9C3403DC44}
		{DDB45B9D-3789-44A2-AF20-9A4A828D7BF6} = {1DB32459-3EF8-4376-A066-C9DB30975DAA}
		{D823A0E0-D8C6-4B2E-A56A-E69FA6DE1002} = {DDB45B9D-3789-44A2-AF20-9A4A828D7BF6}
		{F34DB028-B721-4A27-9B25-BCF85906E040} = {1DB32459-3EF8-4376-A066-C9DB30975DAA}
		{B124BCC4-6B3F-47A0-961F-DD2839C3E557} = {F34DB028-B721-4A27-9B25-BCF85906E040}
		{9E59E35E-CB37-4692-BD26-DB754E855791} = {6629F44F-EF87-4800-80DD-DADCF3294520}
		{7E319D35-D34E-4216-A6E9-492328936F17} = {9E59E35E-CB37-4692-BD26-DB754E855791}
		{DAFEC502-D49D-4CF8-933F-0C78F2B75348} = {6629F44F-EF87-4800-80DD-DADCF3294520}
		{BBD5B678-7846-4C0B-AC6C-49814CB1C13A} = {DAFEC502-D49D-4CF8-933F-0C78F2B75348}
		{AEB47DEE-330B-468B-A1E0-C29610370BEA} = {6629F44F-EF87-4800-80DD-DADCF3294520}
		{7629646C-2E83-4606-AC91-30536254D793} = {AEB47DEE-330B-468B-A1E0-C29610370BEA}
		{B9D98E39-97FD-4FD2-B31D-6839877BF56A} = {6629F44F-EF87-4800-80DD-DADCF3294520}
		{C5AC9AB4-A827-4D6A-A496-65B5142277D5} = {B9D98E39-97FD-4FD2-B31D-6839877BF56A}
		{606F5109-C910-4453-8BF0-4B6EC39C4826} = {6629F44F-EF87-4800-80DD-DADCF3294520}
		{D47372F0-3A47-4DE0-B4E5-38101889FC69} = {606F5109-C910-4453-8BF0-4B6EC39C4826}
		{3A741503-36EF-482E-A97F-29468589BFD7} = {6629F44F-EF87-4800-80DD-DADCF3294520}
		{E45B1E0F-928F-46CB-9CB0-BC850EE7B6B7} = {3A741503-36EF-482E-A97F-29468589BFD7}
		{1C158230-EE67-46B0-93A7-67540BDF3A3B} = {050568F4-B50C-4834-A74B-0CCC37426CC0}
		{950C63A6-D806-4862-B207-2BA8A3E1B5E5} = {1C158230-EE67-46B0-93A7-67540BDF3A3B}
		{DF915263-E6F9-4897-AD7E-4EFB61070C90} = {050568F4-B50C-4834-A74B-0CCC37426CC0}
		{55B55474-A2F8-4BB9-8FD2-459CCC4EC720} = {DF915263-E6F9-4897-AD7E-4EFB61070C90}
		{E5BBCC34-171E-4974-8DBB-075E584E4EF3} = {050568F4-B50C-4834-A74B-0CCC37426CC0}
		{4DD107F6-8ED2-4F65-9BBF-7F55DD8D2313} = {E5BBCC34-171E-4974-8DBB-075E584E4EF3}
		{1079E499-F479-4371-B9E7-8A432C0BB4C6} = {6629F44F-EF87-4800-80DD-DADCF3294520}
		{F6E41482-6C50-4DF5-A0B2-3C703EF8284E} = {1079E499-F479-4371-B9E7-8A432C0BB4C6}
		{B0DD2F7F-1127-4C2F-869B-A0FD4C434852} = {E8CC67F4-B994-4B5B-A368-DF198DE731DF}
		{983BDBF2-6C5C-42A1-84DE-9CF9BD59A96B} = {321BD805-5F81-448F-B85F-472CEB9F0D8A}
		{D1091C9F-A654-4A37-8D3E-7FD7C26805A5} = {983BDBF2-6C5C-42A1-84DE-9CF9BD59A96B}
		{9B880A3F-3D09-4BAF-97C0-E72658E79787} = {321BD805-5F81-448F-B85F-472CEB9F0D8A}
		{4C9F40E3-5D92-47A6-962D-BC50507DBA95} = {9B880A3F-3D09-4BAF-97C0-E72658E79787}
		{B7807D99-4545-49AE-8A73-862C88B395B0} = {321BD805-5F81-448F-B85F-472CEB9F0D8A}
		{11AB5C8C-20B2-4EDC-83FE-8CE619466714} = {B7807D99-4545-49AE-8A73-862C88B395B0}
	EndGlobalSection
	GlobalSection(ExtensibilityGlobals) = postSolution
		SolutionGuid = {5D0A3ECD-1153-4A0B-B960-1D0D65E36FD9}
	EndGlobalSection
EndGlobal
